PODS:
  - BFRImageViewer (1.2.9):
    - PINRemoteImage (~> 3.0.0)
  - PINCache (3.0.1-beta.8):
    - PINCache/Arc-exception-safe (= 3.0.1-beta.8)
    - PINCache/Core (= 3.0.1-beta.8)
  - PINCache/Arc-exception-safe (3.0.1-beta.8):
    - PINCache/Core
  - PINCache/Core (3.0.1-beta.8):
    - PINOperation (~> 1.1.1)
  - PINOperation (1.1.2)
  - PINRemoteImage (3.0.0):
    - PINRemoteImage/PINCache (= 3.0.0)
  - PINRemoteImage/Core (3.0.0):
    - PINOperation
  - PINRemoteImage/PINCache (3.0.0):
    - PINCache (= 3.0.1-beta.8)
    - PINRemoteImage/Core
  - Realm (5.0.2):
    - Realm/Headers (= 5.0.2)
  - Realm/Headers (5.0.2)
  - RealmSwift (5.0.2):
    - Realm (= 5.0.2)
  - ReSwift (5.0.0)
  - SimplePDFViewer (0.1.1):
    - SnapKit (~> 5.0.0)
  - SnapKit (5.0.1)
  - SVProgressHUD (2.2.5)
  - WeScan (1.5.0)

DEPENDENCIES:
  - BFRImageViewer
  - RealmSwift
  - ReSwift
  - SimplePDFViewer
  - SnapKit (~> 5.0.0)
  - SVProgressHUD
  - WeScan (>= 0.9)

SPEC REPOS:
  trunk:
    - BFRImageViewer
    - PINCache
    - PINOperation
    - PINRemoteImage
    - Realm
    - RealmSwift
    - ReSwift
    - SimplePDFViewer
    - SnapKit
    - SVProgressHUD
    - WeScan

SPEC CHECKSUMS:
  BFRImageViewer: 57f7ba6055956d383b49577a78643fa442e70aa4
  PINCache: 534fd41d358d828dfdf227a0d327f3673a65e20b
  PINOperation: 24b774353ca248fcf87d67b2d61eef42087c125a
  PINRemoteImage: e2b89e19fb6e77ffc099f9d9f3b3fe1745e3f9f9
  Realm: 6b6f096671b64b04d08974177cabb2ff9343d153
  RealmSwift: a3db6be0488bf3e1d5314c2956cefe98a65cdd01
  ReSwift: 628f1a9b3ee52e3b3ca2a644435472fd77afafe1
  SimplePDFViewer: 8cb94e745d13bb840d19bdb8807586f512016de9
  SnapKit: 97b92857e3df3a0c71833cce143274bf6ef8e5eb
  SVProgressHUD: 1428aafac632c1f86f62aa4243ec12008d7a51d6
  WeScan: b2e47d07f5da3dbf3db14b742e403a8924cf32b2

PODFILE CHECKSUM: 63f67a75df3ba3c89880f02e678cc3e1b94f5aea

COCOAPODS: 1.9.3
