// !$*UTF8*$!
{
	archiveVersion = 1;
	classes = {
	};
	objectVersion = 51;
	objects = {

/* Begin PBXBuildFile section */
		0ABC8DC892E7D5DE5B55CEDB /* Pods_SimpleScanner.framework in Frameworks */ = {isa = PBXBuildFile; fileRef = 00238A3F5E34A8D116FD231F /* Pods_SimpleScanner.framework */; };
		11CA42E0229B2F1600648670 /* AppDelegate.swift in Sources */ = {isa = PBXBuildFile; fileRef = 11CA42DF229B2F1600648670 /* AppDelegate.swift */; };
		11CA42E7229B2F1800648670 /* Assets.xcassets in Resources */ = {isa = PBXBuildFile; fileRef = 11CA42E6229B2F1800648670 /* Assets.xcassets */; };
		11CA42EA229B2F1800648670 /* LaunchScreen.storyboard in Resources */ = {isa = PBXBuildFile; fileRef = 11CA42E8229B2F1800648670 /* LaunchScreen.storyboard */; };
		9E04B01FCD23B33F78BF29F6 /* PDFViewer.swift in Sources */ = {isa = PBXBuildFile; fileRef = 9E04B6F16F67504D656D9550 /* PDFViewer.swift */; };
		9E04B1D109EF7DE8B2970FDD /* PageCollectionViewCell.swift in Sources */ = {isa = PBXBuildFile; fileRef = 9E04BD6DE8D0AA38CF754D0F /* PageCollectionViewCell.swift */; };
		9E04B23DA14A575521803572 /* Color.swift in Sources */ = {isa = PBXBuildFile; fileRef = 9E04B34FB0867314FA274D65 /* Color.swift */; };
		9E04B2618BC906AEBC318F30 /* PDF.swift in Sources */ = {isa = PBXBuildFile; fileRef = 9E04B5EC1103906B079B384C /* PDF.swift */; };
		9E04B2B124FBCD83AC383B9F /* Text.swift in Sources */ = {isa = PBXBuildFile; fileRef = 9E04BF36B80CD96B067CC262 /* Text.swift */; };
		9E04B3A5BD9D6A0FC3419D67 /* NewScanState.swift in Sources */ = {isa = PBXBuildFile; fileRef = 9E04B488F419124E63B19ED2 /* NewScanState.swift */; };
		9E04B3AEC26301D837B189A3 /* ExportPDFMiddleware.swift in Sources */ = {isa = PBXBuildFile; fileRef = 9E04B859DCE0DAB794242753 /* ExportPDFMiddleware.swift */; };
		9E04B3C845D74EFB9F4F287D /* HUD.swift in Sources */ = {isa = PBXBuildFile; fileRef = 9E04BB3F5AFCEF3D44175BE5 /* HUD.swift */; };
		9E04B3CA7175996DD1C8E864 /* PDFService.swift in Sources */ = {isa = PBXBuildFile; fileRef = 9E04BAE4BDBC6C1B664FF3DA /* PDFService.swift */; };
		9E04B3D8FB6196F3A7040BB1 /* AppStore.swift in Sources */ = {isa = PBXBuildFile; fileRef = 9E04B94C89CFCEB2536DAF75 /* AppStore.swift */; };
		9E04B43A3E35CAAE6AA0188D /* AppState.swift in Sources */ = {isa = PBXBuildFile; fileRef = 9E04B0FD31D5EBEE2548788A /* AppState.swift */; };
		9E04B4702EC2958221A1B946 /* HomeActions.swift in Sources */ = {isa = PBXBuildFile; fileRef = 9E04B8175178719E51E94022 /* HomeActions.swift */; };
		9E04B5227DCFDCE23632C3C5 /* WritePageToFileMiddleware.swift in Sources */ = {isa = PBXBuildFile; fileRef = 9E04B0914A6C42829FA028F0 /* WritePageToFileMiddleware.swift */; };
		9E04B55E0B411879F919DD7D /* Error.swift in Sources */ = {isa = PBXBuildFile; fileRef = 9E04B886CAA0AF31367B95B4 /* Error.swift */; };
		9E04B63EC45E8A9CDB7EA576 /* HomeViewModel.swift in Sources */ = {isa = PBXBuildFile; fileRef = 9E04BE3B98EE1903F8109383 /* HomeViewModel.swift */; };
		9E04B6A534F061C913DA769A /* ActivityState.swift in Sources */ = {isa = PBXBuildFile; fileRef = 9E04B0896DD00485D71EF225 /* ActivityState.swift */; };
		9E04B6CCC1F5BB2142CC81C3 /* NewScanController.swift in Sources */ = {isa = PBXBuildFile; fileRef = 9E04B3CBA9AD2F2805B61AA8 /* NewScanController.swift */; };
		9E04B723E1FA707D981B275E /* LoggerMiddleware.swift in Sources */ = {isa = PBXBuildFile; fileRef = 9E04B5B8CB0B0B39483D94B5 /* LoggerMiddleware.swift */; };
		9E04B7379326CC3F426DEC11 /* View.swift in Sources */ = {isa = PBXBuildFile; fileRef = 9E04B33BC071885CC1FC11FC /* View.swift */; };
		9E04B7BD98B7D676C19371B6 /* NewScanView.swift in Sources */ = {isa = PBXBuildFile; fileRef = 9E04BC479B0A06D4C7085624 /* NewScanView.swift */; };
		9E04B862E9E366571DA1C260 /* ImageService.swift in Sources */ = {isa = PBXBuildFile; fileRef = 9E04B4525D43F52C7B2DC336 /* ImageService.swift */; };
		9E04B87E33C1BFE1D2CCEC89 /* HomeView.swift in Sources */ = {isa = PBXBuildFile; fileRef = 9E04B2D900256F50CB23B4D8 /* HomeView.swift */; };
		9E04BB22843A1193CEE08A9A /* TextButton.swift in Sources */ = {isa = PBXBuildFile; fileRef = 9E04BF9490C73C86266D98EF /* TextButton.swift */; };
		9E04BB899D12074E134AE2F8 /* PDFCollectionViewCell.swift in Sources */ = {isa = PBXBuildFile; fileRef = 9E04B29C57CEE930D6059AB7 /* PDFCollectionViewCell.swift */; };
		9E04BC526BBA4D17234DBD8E /* HomeController.swift in Sources */ = {isa = PBXBuildFile; fileRef = 9E04BD62F1EF9A07F421A937 /* HomeController.swift */; };
		9E04BC8228E151697531252F /* HomeState.swift in Sources */ = {isa = PBXBuildFile; fileRef = 9E04BA706303AC9C17924E81 /* HomeState.swift */; };
		9E04BE1AC18FFDA988DF2563 /* SavePDFDialog.swift in Sources */ = {isa = PBXBuildFile; fileRef = 9E04B43DE7D73EBFE2A369A2 /* SavePDFDialog.swift */; };
		9E04BEBDA3C05DB06350ED0E /* DatabaseService.swift in Sources */ = {isa = PBXBuildFile; fileRef = 9E04BE44F768A4925ED926B7 /* DatabaseService.swift */; };
		9E04BF2B215809276F751FF5 /* ActivityStateViewController.swift in Sources */ = {isa = PBXBuildFile; fileRef = 9E04BAC3AFC7555A9C54B66F /* ActivityStateViewController.swift */; };
		9E04BFB9572504855D8AF039 /* TypeAlias.swift in Sources */ = {isa = PBXBuildFile; fileRef = 9E04BB0CB53C787C4A107133 /* TypeAlias.swift */; };
		9E04BFC1D9EFD7906DD0D210 /* NewScanActions.swift in Sources */ = {isa = PBXBuildFile; fileRef = 9E04BD9924ADCDDFAA5B63E2 /* NewScanActions.swift */; };
		9E04BFFA63C3C38F5CC54F0E /* File.swift in Sources */ = {isa = PBXBuildFile; fileRef = 9E04BA56644CFEAEAB1939B4 /* File.swift */; };
/* End PBXBuildFile section */

/* Begin PBXFileReference section */
		00238A3F5E34A8D116FD231F /* Pods_SimpleScanner.framework */ = {isa = PBXFileReference; explicitFileType = wrapper.framework; includeInIndex = 0; path = Pods_SimpleScanner.framework; sourceTree = BUILT_PRODUCTS_DIR; };
		11CA42DC229B2F1600648670 /* SimpleScanner.app */ = {isa = PBXFileReference; explicitFileType = wrapper.application; includeInIndex = 0; path = SimpleScanner.app; sourceTree = BUILT_PRODUCTS_DIR; };
		11CA42DF229B2F1600648670 /* AppDelegate.swift */ = {isa = PBXFileReference; lastKnownFileType = sourcecode.swift; path = AppDelegate.swift; sourceTree = "<group>"; };
		11CA42E6229B2F1800648670 /* Assets.xcassets */ = {isa = PBXFileReference; lastKnownFileType = folder.assetcatalog; path = Assets.xcassets; sourceTree = "<group>"; };
		11CA42E9229B2F1800648670 /* Base */ = {isa = PBXFileReference; lastKnownFileType = file.storyboard; name = Base; path = Base.lproj/LaunchScreen.storyboard; sourceTree = "<group>"; };
		11CA42EB229B2F1800648670 /* Info.plist */ = {isa = PBXFileReference; lastKnownFileType = text.plist.xml; path = Info.plist; sourceTree = "<group>"; };
		9D016F448152ABE76EE812B0 /* Pods-SimpleScanner.release.xcconfig */ = {isa = PBXFileReference; includeInIndex = 1; lastKnownFileType = text.xcconfig; name = "Pods-SimpleScanner.release.xcconfig"; path = "Target Support Files/Pods-SimpleScanner/Pods-SimpleScanner.release.xcconfig"; sourceTree = "<group>"; };
		9E04B0896DD00485D71EF225 /* ActivityState.swift */ = {isa = PBXFileReference; fileEncoding = 4; lastKnownFileType = sourcecode.swift; path = ActivityState.swift; sourceTree = "<group>"; };
		9E04B0914A6C42829FA028F0 /* WritePageToFileMiddleware.swift */ = {isa = PBXFileReference; fileEncoding = 4; lastKnownFileType = sourcecode.swift; path = WritePageToFileMiddleware.swift; sourceTree = "<group>"; };
		9E04B0FD31D5EBEE2548788A /* AppState.swift */ = {isa = PBXFileReference; fileEncoding = 4; lastKnownFileType = sourcecode.swift; path = AppState.swift; sourceTree = "<group>"; };
		9E04B29C57CEE930D6059AB7 /* PDFCollectionViewCell.swift */ = {isa = PBXFileReference; fileEncoding = 4; lastKnownFileType = sourcecode.swift; path = PDFCollectionViewCell.swift; sourceTree = "<group>"; };
		9E04B2D900256F50CB23B4D8 /* HomeView.swift */ = {isa = PBXFileReference; fileEncoding = 4; lastKnownFileType = sourcecode.swift; path = HomeView.swift; sourceTree = "<group>"; };
		9E04B33BC071885CC1FC11FC /* View.swift */ = {isa = PBXFileReference; fileEncoding = 4; lastKnownFileType = sourcecode.swift; path = View.swift; sourceTree = "<group>"; };
		9E04B34FB0867314FA274D65 /* Color.swift */ = {isa = PBXFileReference; fileEncoding = 4; lastKnownFileType = sourcecode.swift; path = Color.swift; sourceTree = "<group>"; };
		9E04B3CBA9AD2F2805B61AA8 /* NewScanController.swift */ = {isa = PBXFileReference; fileEncoding = 4; lastKnownFileType = sourcecode.swift; path = NewScanController.swift; sourceTree = "<group>"; };
		9E04B43DE7D73EBFE2A369A2 /* SavePDFDialog.swift */ = {isa = PBXFileReference; fileEncoding = 4; lastKnownFileType = sourcecode.swift; path = SavePDFDialog.swift; sourceTree = "<group>"; };
		9E04B4525D43F52C7B2DC336 /* ImageService.swift */ = {isa = PBXFileReference; fileEncoding = 4; lastKnownFileType = sourcecode.swift; path = ImageService.swift; sourceTree = "<group>"; };
		9E04B488F419124E63B19ED2 /* NewScanState.swift */ = {isa = PBXFileReference; fileEncoding = 4; lastKnownFileType = sourcecode.swift; path = NewScanState.swift; sourceTree = "<group>"; };
		9E04B5B8CB0B0B39483D94B5 /* LoggerMiddleware.swift */ = {isa = PBXFileReference; fileEncoding = 4; lastKnownFileType = sourcecode.swift; path = LoggerMiddleware.swift; sourceTree = "<group>"; };
		9E04B5EC1103906B079B384C /* PDF.swift */ = {isa = PBXFileReference; fileEncoding = 4; lastKnownFileType = sourcecode.swift; path = PDF.swift; sourceTree = "<group>"; };
		9E04B6F16F67504D656D9550 /* PDFViewer.swift */ = {isa = PBXFileReference; fileEncoding = 4; lastKnownFileType = sourcecode.swift; path = PDFViewer.swift; sourceTree = "<group>"; };
		9E04B8175178719E51E94022 /* HomeActions.swift */ = {isa = PBXFileReference; fileEncoding = 4; lastKnownFileType = sourcecode.swift; path = HomeActions.swift; sourceTree = "<group>"; };
		9E04B859DCE0DAB794242753 /* ExportPDFMiddleware.swift */ = {isa = PBXFileReference; fileEncoding = 4; lastKnownFileType = sourcecode.swift; path = ExportPDFMiddleware.swift; sourceTree = "<group>"; };
		9E04B886CAA0AF31367B95B4 /* Error.swift */ = {isa = PBXFileReference; fileEncoding = 4; lastKnownFileType = sourcecode.swift; path = Error.swift; sourceTree = "<group>"; };
		9E04B94C89CFCEB2536DAF75 /* AppStore.swift */ = {isa = PBXFileReference; fileEncoding = 4; lastKnownFileType = sourcecode.swift; path = AppStore.swift; sourceTree = "<group>"; };
		9E04BA56644CFEAEAB1939B4 /* File.swift */ = {isa = PBXFileReference; fileEncoding = 4; lastKnownFileType = sourcecode.swift; path = File.swift; sourceTree = "<group>"; };
		9E04BA706303AC9C17924E81 /* HomeState.swift */ = {isa = PBXFileReference; fileEncoding = 4; lastKnownFileType = sourcecode.swift; path = HomeState.swift; sourceTree = "<group>"; };
		9E04BAC3AFC7555A9C54B66F /* ActivityStateViewController.swift */ = {isa = PBXFileReference; fileEncoding = 4; lastKnownFileType = sourcecode.swift; path = ActivityStateViewController.swift; sourceTree = "<group>"; };
		9E04BAE4BDBC6C1B664FF3DA /* PDFService.swift */ = {isa = PBXFileReference; fileEncoding = 4; lastKnownFileType = sourcecode.swift; path = PDFService.swift; sourceTree = "<group>"; };
		9E04BB0CB53C787C4A107133 /* TypeAlias.swift */ = {isa = PBXFileReference; fileEncoding = 4; lastKnownFileType = sourcecode.swift; path = TypeAlias.swift; sourceTree = "<group>"; };
		9E04BB3F5AFCEF3D44175BE5 /* HUD.swift */ = {isa = PBXFileReference; fileEncoding = 4; lastKnownFileType = sourcecode.swift; path = HUD.swift; sourceTree = "<group>"; };
		9E04BC479B0A06D4C7085624 /* NewScanView.swift */ = {isa = PBXFileReference; fileEncoding = 4; lastKnownFileType = sourcecode.swift; path = NewScanView.swift; sourceTree = "<group>"; };
		9E04BD62F1EF9A07F421A937 /* HomeController.swift */ = {isa = PBXFileReference; fileEncoding = 4; lastKnownFileType = sourcecode.swift; path = HomeController.swift; sourceTree = "<group>"; };
		9E04BD6DE8D0AA38CF754D0F /* PageCollectionViewCell.swift */ = {isa = PBXFileReference; fileEncoding = 4; lastKnownFileType = sourcecode.swift; path = PageCollectionViewCell.swift; sourceTree = "<group>"; };
		9E04BD9924ADCDDFAA5B63E2 /* NewScanActions.swift */ = {isa = PBXFileReference; fileEncoding = 4; lastKnownFileType = sourcecode.swift; path = NewScanActions.swift; sourceTree = "<group>"; };
		9E04BE3B98EE1903F8109383 /* HomeViewModel.swift */ = {isa = PBXFileReference; fileEncoding = 4; lastKnownFileType = sourcecode.swift; path = HomeViewModel.swift; sourceTree = "<group>"; };
		9E04BE44F768A4925ED926B7 /* DatabaseService.swift */ = {isa = PBXFileReference; fileEncoding = 4; lastKnownFileType = sourcecode.swift; path = DatabaseService.swift; sourceTree = "<group>"; };
		9E04BF36B80CD96B067CC262 /* Text.swift */ = {isa = PBXFileReference; fileEncoding = 4; lastKnownFileType = sourcecode.swift; path = Text.swift; sourceTree = "<group>"; };
		9E04BF9490C73C86266D98EF /* TextButton.swift */ = {isa = PBXFileReference; fileEncoding = 4; lastKnownFileType = sourcecode.swift; path = TextButton.swift; sourceTree = "<group>"; };
		A845416816E72C69C0F486A3 /* Pods-SimpleScanner.debug.xcconfig */ = {isa = PBXFileReference; includeInIndex = 1; lastKnownFileType = text.xcconfig; name = "Pods-SimpleScanner.debug.xcconfig"; path = "Target Support Files/Pods-SimpleScanner/Pods-SimpleScanner.debug.xcconfig"; sourceTree = "<group>"; };
/* End PBXFileReference section */

/* Begin PBXFrameworksBuildPhase section */
		11CA42D9229B2F1600648670 /* Frameworks */ = {
			isa = PBXFrameworksBuildPhase;
			buildActionMask = 2147483647;
			files = (
				0ABC8DC892E7D5DE5B55CEDB /* Pods_SimpleScanner.framework in Frameworks */,
			);
			runOnlyForDeploymentPostprocessing = 0;
		};
/* End PBXFrameworksBuildPhase section */

/* Begin PBXGroup section */
		11CA42D3229B2F1600648670 = {
			isa = PBXGroup;
			children = (
				11CA42DE229B2F1600648670 /* SimpleScanner */,
				11CA42DD229B2F1600648670 /* Products */,
				F3520F764487C5513D10E1CD /* Pods */,
				C1973A30EE01EF12E2FC2DBC /* Frameworks */,
			);
			sourceTree = "<group>";
		};
		11CA42DD229B2F1600648670 /* Products */ = {
			isa = PBXGroup;
			children = (
				11CA42DC229B2F1600648670 /* SimpleScanner.app */,
			);
			name = Products;
			sourceTree = "<group>";
		};
		11CA42DE229B2F1600648670 /* SimpleScanner */ = {
			isa = PBXGroup;
			children = (
				11CA42F1229B347400648670 /* Redux */,
				11CA42DF229B2F1600648670 /* AppDelegate.swift */,
				11CA42E6229B2F1800648670 /* Assets.xcassets */,
				11CA42E8229B2F1800648670 /* LaunchScreen.storyboard */,
				11CA42EB229B2F1800648670 /* Info.plist */,
				9E04B8D94BF8F7ABE391FDE8 /* Screen */,
				9E04B832F1E83BA86DB7F880 /* Constant */,
				9E04BDE99EA28B81F382A512 /* Common */,
				9E04B956C6048DDE2A764593 /* Service */,
				9E04B38A386F870A95F3DF93 /* Model */,
			);
			path = SimpleScanner;
			sourceTree = "<group>";
		};
		11CA42F1229B347400648670 /* Redux */ = {
			isa = PBXGroup;
			children = (
				9E04B0FD31D5EBEE2548788A /* AppState.swift */,
				9E04B94C89CFCEB2536DAF75 /* AppStore.swift */,
				9E04BE6EC52B11F39F8362CD /* State */,
				9E04B79B62B5E69A5E4CBED1 /* Action */,
				9E04B3361C229A474B177055 /* Middleware */,
			);
			path = Redux;
			sourceTree = "<group>";
		};
		9E04B238FD7CE4AD23C3A7DB /* View */ = {
			isa = PBXGroup;
			children = (
				9E04BF9490C73C86266D98EF /* TextButton.swift */,
				9E04BB3F5AFCEF3D44175BE5 /* HUD.swift */,
				9E04B6F16F67504D656D9550 /* PDFViewer.swift */,
				9E04BAC3AFC7555A9C54B66F /* ActivityStateViewController.swift */,
			);
			path = View;
			sourceTree = "<group>";
		};
		9E04B3361C229A474B177055 /* Middleware */ = {
			isa = PBXGroup;
			children = (
				9E04B5B8CB0B0B39483D94B5 /* LoggerMiddleware.swift */,
				9E04B0914A6C42829FA028F0 /* WritePageToFileMiddleware.swift */,
				9E04B859DCE0DAB794242753 /* ExportPDFMiddleware.swift */,
			);
			path = Middleware;
			sourceTree = "<group>";
		};
		9E04B38A386F870A95F3DF93 /* Model */ = {
			isa = PBXGroup;
			children = (
				9E04B886CAA0AF31367B95B4 /* Error.swift */,
				9E04BA56644CFEAEAB1939B4 /* File.swift */,
				9E04B5EC1103906B079B384C /* PDF.swift */,
			);
			path = Model;
			sourceTree = "<group>";
		};
		9E04B79B62B5E69A5E4CBED1 /* Action */ = {
			isa = PBXGroup;
			children = (
				9E04B8175178719E51E94022 /* HomeActions.swift */,
				9E04BD9924ADCDDFAA5B63E2 /* NewScanActions.swift */,
			);
			path = Action;
			sourceTree = "<group>";
		};
		9E04B832F1E83BA86DB7F880 /* Constant */ = {
			isa = PBXGroup;
			children = (
				9E04BF36B80CD96B067CC262 /* Text.swift */,
				9E04B33BC071885CC1FC11FC /* View.swift */,
				9E04B34FB0867314FA274D65 /* Color.swift */,
			);
			path = Constant;
			sourceTree = "<group>";
		};
		9E04B8D94BF8F7ABE391FDE8 /* Screen */ = {
			isa = PBXGroup;
			children = (
				9E04BDA7442AB61AA499D301 /* Home */,
				9E04B9D79202784DB4104DE4 /* NewScan */,
			);
			path = Screen;
			sourceTree = "<group>";
		};
		9E04B956C6048DDE2A764593 /* Service */ = {
			isa = PBXGroup;
			children = (
				9E04BAE4BDBC6C1B664FF3DA /* PDFService.swift */,
				9E04BE44F768A4925ED926B7 /* DatabaseService.swift */,
				9E04B4525D43F52C7B2DC336 /* ImageService.swift */,
			);
			path = Service;
			sourceTree = "<group>";
		};
		9E04B9D79202784DB4104DE4 /* NewScan */ = {
			isa = PBXGroup;
			children = (
				9E04B3CBA9AD2F2805B61AA8 /* NewScanController.swift */,
				9E04BC479B0A06D4C7085624 /* NewScanView.swift */,
				9E04BD6DE8D0AA38CF754D0F /* PageCollectionViewCell.swift */,
				9E04B43DE7D73EBFE2A369A2 /* SavePDFDialog.swift */,
			);
			path = NewScan;
			sourceTree = "<group>";
		};
		9E04BDA7442AB61AA499D301 /* Home */ = {
			isa = PBXGroup;
			children = (
				9E04BD62F1EF9A07F421A937 /* HomeController.swift */,
				9E04B2D900256F50CB23B4D8 /* HomeView.swift */,
				9E04BE3B98EE1903F8109383 /* HomeViewModel.swift */,
				9E04B29C57CEE930D6059AB7 /* PDFCollectionViewCell.swift */,
			);
			path = Home;
			sourceTree = "<group>";
		};
		9E04BDE99EA28B81F382A512 /* Common */ = {
			isa = PBXGroup;
			children = (
				9E04B238FD7CE4AD23C3A7DB /* View */,
				9E04BB0CB53C787C4A107133 /* TypeAlias.swift */,
			);
			path = Common;
			sourceTree = "<group>";
		};
		9E04BE6EC52B11F39F8362CD /* State */ = {
			isa = PBXGroup;
			children = (
				9E04BA706303AC9C17924E81 /* HomeState.swift */,
				9E04B488F419124E63B19ED2 /* NewScanState.swift */,
				9E04B0896DD00485D71EF225 /* ActivityState.swift */,
			);
			path = State;
			sourceTree = "<group>";
		};
		C1973A30EE01EF12E2FC2DBC /* Frameworks */ = {
			isa = PBXGroup;
			children = (
				00238A3F5E34A8D116FD231F /* Pods_SimpleScanner.framework */,
			);
			name = Frameworks;
			sourceTree = "<group>";
		};
		F3520F764487C5513D10E1CD /* Pods */ = {
			isa = PBXGroup;
			children = (
				A845416816E72C69C0F486A3 /* Pods-SimpleScanner.debug.xcconfig */,
				9D016F448152ABE76EE812B0 /* Pods-SimpleScanner.release.xcconfig */,
			);
			path = Pods;
			sourceTree = "<group>";
		};
/* End PBXGroup section */

/* Begin PBXNativeTarget section */
		11CA42DB229B2F1600648670 /* SimpleScanner */ = {
			isa = PBXNativeTarget;
			buildConfigurationList = 11CA42EE229B2F1800648670 /* Build configuration list for PBXNativeTarget "SimpleScanner" */;
			buildPhases = (
				9784CEE051DD9ED6442F40CC /* [CP] Check Pods Manifest.lock */,
				11CA42D8229B2F1600648670 /* Sources */,
				11CA42D9229B2F1600648670 /* Frameworks */,
				11CA42DA229B2F1600648670 /* Resources */,
				584BCE98A231931BE9B92ED3 /* [CP] Embed Pods Frameworks */,
			);
			buildRules = (
			);
			dependencies = (
			);
			name = SimpleScanner;
			productName = SimpleScanner;
			productReference = 11CA42DC229B2F1600648670 /* SimpleScanner.app */;
			productType = "com.apple.product-type.application";
		};
/* End PBXNativeTarget section */

/* Begin PBXProject section */
		11CA42D4229B2F1600648670 /* Project object */ = {
			isa = PBXProject;
			attributes = {
				LastSwiftUpdateCheck = 1020;
				LastUpgradeCheck = 1020;
				ORGANIZATIONNAME = "Frank Jia";
				TargetAttributes = {
					11CA42DB229B2F1600648670 = {
						CreatedOnToolsVersion = 10.2.1;
					};
				};
			};
			buildConfigurationList = 11CA42D7229B2F1600648670 /* Build configuration list for PBXProject "SimpleScanner" */;
			compatibilityVersion = "Xcode 9.3";
			developmentRegion = en;
			hasScannedForEncodings = 0;
			knownRegions = (
				en,
				Base,
			);
			mainGroup = 11CA42D3229B2F1600648670;
			productRefGroup = 11CA42DD229B2F1600648670 /* Products */;
			projectDirPath = "";
			projectRoot = "";
			targets = (
				11CA42DB229B2F1600648670 /* SimpleScanner */,
			);
		};
/* End PBXProject section */

/* Begin PBXResourcesBuildPhase section */
		11CA42DA229B2F1600648670 /* Resources */ = {
			isa = PBXResourcesBuildPhase;
			buildActionMask = 2147483647;
			files = (
				11CA42EA229B2F1800648670 /* LaunchScreen.storyboard in Resources */,
				11CA42E7229B2F1800648670 /* Assets.xcassets in Resources */,
			);
			runOnlyForDeploymentPostprocessing = 0;
		};
/* End PBXResourcesBuildPhase section */

/* Begin PBXShellScriptBuildPhase section */
		584BCE98A231931BE9B92ED3 /* [CP] Embed Pods Frameworks */ = {
			isa = PBXShellScriptBuildPhase;
			buildActionMask = 2147483647;
			files = (
			);
			inputFileListPaths = (
				"${PODS_ROOT}/Target Support Files/Pods-SimpleScanner/Pods-SimpleScanner-frameworks-${CONFIGURATION}-input-files.xcfilelist",
			);
			name = "[CP] Embed Pods Frameworks";
			outputFileListPaths = (
				"${PODS_ROOT}/Target Support Files/Pods-SimpleScanner/Pods-SimpleScanner-frameworks-${CONFIGURATION}-output-files.xcfilelist",
			);
			runOnlyForDeploymentPostprocessing = 0;
			shellPath = /bin/sh;
			shellScript = "\"${PODS_ROOT}/Target Support Files/Pods-SimpleScanner/Pods-SimpleScanner-frameworks.sh\"\n";
			showEnvVarsInLog = 0;
		};
		9784CEE051DD9ED6442F40CC /* [CP] Check Pods Manifest.lock */ = {
			isa = PBXShellScriptBuildPhase;
			buildActionMask = 2147483647;
			files = (
			);
			inputFileListPaths = (
			);
			inputPaths = (
				"${PODS_PODFILE_DIR_PATH}/Podfile.lock",
				"${PODS_ROOT}/Manifest.lock",
			);
			name = "[CP] Check Pods Manifest.lock";
			outputFileListPaths = (
			);
			outputPaths = (
				"$(DERIVED_FILE_DIR)/Pods-SimpleScanner-checkManifestLockResult.txt",
			);
			runOnlyForDeploymentPostprocessing = 0;
			shellPath = /bin/sh;
			shellScript = "diff \"${PODS_PODFILE_DIR_PATH}/Podfile.lock\" \"${PODS_ROOT}/Manifest.lock\" > /dev/null\nif [ $? != 0 ] ; then\n    # print error to STDERR\n    echo \"error: The sandbox is not in sync with the Podfile.lock. Run 'pod install' or update your CocoaPods installation.\" >&2\n    exit 1\nfi\n# This output is used by Xcode 'outputs' to avoid re-running this script phase.\necho \"SUCCESS\" > \"${SCRIPT_OUTPUT_FILE_0}\"\n";
			showEnvVarsInLog = 0;
		};
/* End PBXShellScriptBuildPhase section */

/* Begin PBXSourcesBuildPhase section */
		11CA42D8229B2F1600648670 /* Sources */ = {
			isa = PBXSourcesBuildPhase;
			buildActionMask = 2147483647;
			files = (
				11CA42E0229B2F1600648670 /* AppDelegate.swift in Sources */,
				9E04B43A3E35CAAE6AA0188D /* AppState.swift in Sources */,
				9E04B3D8FB6196F3A7040BB1 /* AppStore.swift in Sources */,
				9E04BC526BBA4D17234DBD8E /* HomeController.swift in Sources */,
				9E04B87E33C1BFE1D2CCEC89 /* HomeView.swift in Sources */,
				9E04B2B124FBCD83AC383B9F /* Text.swift in Sources */,
				9E04BB22843A1193CEE08A9A /* TextButton.swift in Sources */,
				9E04BFB9572504855D8AF039 /* TypeAlias.swift in Sources */,
				9E04B7379326CC3F426DEC11 /* View.swift in Sources */,
				9E04B23DA14A575521803572 /* Color.swift in Sources */,
				9E04B6CCC1F5BB2142CC81C3 /* NewScanController.swift in Sources */,
				9E04B7BD98B7D676C19371B6 /* NewScanView.swift in Sources */,
				9E04B63EC45E8A9CDB7EA576 /* HomeViewModel.swift in Sources */,
				9E04BC8228E151697531252F /* HomeState.swift in Sources */,
				9E04B4702EC2958221A1B946 /* HomeActions.swift in Sources */,
				9E04BFC1D9EFD7906DD0D210 /* NewScanActions.swift in Sources */,
				9E04B3A5BD9D6A0FC3419D67 /* NewScanState.swift in Sources */,
				9E04B723E1FA707D981B275E /* LoggerMiddleware.swift in Sources */,
				9E04B6A534F061C913DA769A /* ActivityState.swift in Sources */,
				9E04B1D109EF7DE8B2970FDD /* PageCollectionViewCell.swift in Sources */,
				9E04B3CA7175996DD1C8E864 /* PDFService.swift in Sources */,
				9E04B5227DCFDCE23632C3C5 /* WritePageToFileMiddleware.swift in Sources */,
				9E04B55E0B411879F919DD7D /* Error.swift in Sources */,
				9E04BFFA63C3C38F5CC54F0E /* File.swift in Sources */,
				9E04B3AEC26301D837B189A3 /* ExportPDFMiddleware.swift in Sources */,
				9E04BE1AC18FFDA988DF2563 /* SavePDFDialog.swift in Sources */,
				9E04B3C845D74EFB9F4F287D /* HUD.swift in Sources */,
				9E04B2618BC906AEBC318F30 /* PDF.swift in Sources */,
				9E04BEBDA3C05DB06350ED0E /* DatabaseService.swift in Sources */,
				9E04BB899D12074E134AE2F8 /* PDFCollectionViewCell.swift in Sources */,
				9E04B862E9E366571DA1C260 /* ImageService.swift in Sources */,
				9E04B01FCD23B33F78BF29F6 /* PDFViewer.swift in Sources */,
				9E04BF2B215809276F751FF5 /* ActivityStateViewController.swift in Sources */,
			);
			runOnlyForDeploymentPostprocessing = 0;
		};
/* End PBXSourcesBuildPhase section */

/* Begin PBXVariantGroup section */
		11CA42E8229B2F1800648670 /* LaunchScreen.storyboard */ = {
			isa = PBXVariantGroup;
			children = (
				11CA42E9229B2F1800648670 /* Base */,
			);
			name = LaunchScreen.storyboard;
			sourceTree = "<group>";
		};
/* End PBXVariantGroup section */

/* Begin XCBuildConfiguration section */
		11CA42EC229B2F1800648670 /* Debug */ = {
			isa = XCBuildConfiguration;
			buildSettings = {
				ALWAYS_SEARCH_USER_PATHS = NO;
				CLANG_ANALYZER_NONNULL = YES;
				CLANG_ANALYZER_NUMBER_OBJECT_CONVERSION = YES_AGGRESSIVE;
				CLANG_CXX_LANGUAGE_STANDARD = "gnu++14";
				CLANG_CXX_LIBRARY = "libc++";
				CLANG_ENABLE_MODULES = YES;
				CLANG_ENABLE_OBJC_ARC = YES;
				CLANG_ENABLE_OBJC_WEAK = YES;
				CLANG_WARN_BLOCK_CAPTURE_AUTORELEASING = YES;
				CLANG_WARN_BOOL_CONVERSION = YES;
				CLANG_WARN_COMMA = YES;
				CLANG_WARN_CONSTANT_CONVERSION = YES;
				CLANG_WARN_DEPRECATED_OBJC_IMPLEMENTATIONS = YES;
				CLANG_WARN_DIRECT_OBJC_ISA_USAGE = YES_ERROR;
				CLANG_WARN_DOCUMENTATION_COMMENTS = YES;
				CLANG_WARN_EMPTY_BODY = YES;
				CLANG_WARN_ENUM_CONVERSION = YES;
				CLANG_WARN_INFINITE_RECURSION = YES;
				CLANG_WARN_INT_CONVERSION = YES;
				CLANG_WARN_NON_LITERAL_NULL_CONVERSION = YES;
				CLANG_WARN_OBJC_IMPLICIT_RETAIN_SELF = YES;
				CLANG_WARN_OBJC_LITERAL_CONVERSION = YES;
				CLANG_WARN_OBJC_ROOT_CLASS = YES_ERROR;
				CLANG_WARN_RANGE_LOOP_ANALYSIS = YES;
				CLANG_WARN_STRICT_PROTOTYPES = YES;
				CLANG_WARN_SUSPICIOUS_MOVE = YES;
				CLANG_WARN_UNGUARDED_AVAILABILITY = YES_AGGRESSIVE;
				CLANG_WARN_UNREACHABLE_CODE = YES;
				CLANG_WARN__DUPLICATE_METHOD_MATCH = YES;
				CODE_SIGN_IDENTITY = "iPhone Developer";
				COPY_PHASE_STRIP = NO;
				DEBUG_INFORMATION_FORMAT = dwarf;
				ENABLE_STRICT_OBJC_MSGSEND = YES;
				ENABLE_TESTABILITY = YES;
				GCC_C_LANGUAGE_STANDARD = gnu11;
				GCC_DYNAMIC_NO_PIC = NO;
				GCC_NO_COMMON_BLOCKS = YES;
				GCC_OPTIMIZATION_LEVEL = 0;
				GCC_PREPROCESSOR_DEFINITIONS = (
					"DEBUG=1",
					"$(inherited)",
				);
				GCC_WARN_64_TO_32_BIT_CONVERSION = YES;
				GCC_WARN_ABOUT_RETURN_TYPE = YES_ERROR;
				GCC_WARN_UNDECLARED_SELECTOR = YES;
				GCC_WARN_UNINITIALIZED_AUTOS = YES_AGGRESSIVE;
				GCC_WARN_UNUSED_FUNCTION = YES;
				GCC_WARN_UNUSED_VARIABLE = YES;
				IPHONEOS_DEPLOYMENT_TARGET = 12.2;
				MTL_ENABLE_DEBUG_INFO = INCLUDE_SOURCE;
				MTL_FAST_MATH = YES;
				ONLY_ACTIVE_ARCH = YES;
				SDKROOT = iphoneos;
				SWIFT_ACTIVE_COMPILATION_CONDITIONS = DEBUG;
				SWIFT_OPTIMIZATION_LEVEL = "-Onone";
			};
			name = Debug;
		};
		11CA42ED229B2F1800648670 /* Release */ = {
			isa = XCBuildConfiguration;
			buildSettings = {
				ALWAYS_SEARCH_USER_PATHS = NO;
				CLANG_ANALYZER_NONNULL = YES;
				CLANG_ANALYZER_NUMBER_OBJECT_CONVERSION = YES_AGGRESSIVE;
				CLANG_CXX_LANGUAGE_STANDARD = "gnu++14";
				CLANG_CXX_LIBRARY = "libc++";
				CLANG_ENABLE_MODULES = YES;
				CLANG_ENABLE_OBJC_ARC = YES;
				CLANG_ENABLE_OBJC_WEAK = YES;
				CLANG_WARN_BLOCK_CAPTURE_AUTORELEASING = YES;
				CLANG_WARN_BOOL_CONVERSION = YES;
				CLANG_WARN_COMMA = YES;
				CLANG_WARN_CONSTANT_CONVERSION = YES;
				CLANG_WARN_DEPRECATED_OBJC_IMPLEMENTATIONS = YES;
				CLANG_WARN_DIRECT_OBJC_ISA_USAGE = YES_ERROR;
				CLANG_WARN_DOCUMENTATION_COMMENTS = YES;
				CLANG_WARN_EMPTY_BODY = YES;
				CLANG_WARN_ENUM_CONVERSION = YES;
				CLANG_WARN_INFINITE_RECURSION = YES;
				CLANG_WARN_INT_CONVERSION = YES;
				CLANG_WARN_NON_LITERAL_NULL_CONVERSION = YES;
				CLANG_WARN_OBJC_IMPLICIT_RETAIN_SELF = YES;
				CLANG_WARN_OBJC_LITERAL_CONVERSION = YES;
				CLANG_WARN_OBJC_ROOT_CLASS = YES_ERROR;
				CLANG_WARN_RANGE_LOOP_ANALYSIS = YES;
				CLANG_WARN_STRICT_PROTOTYPES = YES;
				CLANG_WARN_SUSPICIOUS_MOVE = YES;
				CLANG_WARN_UNGUARDED_AVAILABILITY = YES_AGGRESSIVE;
				CLANG_WARN_UNREACHABLE_CODE = YES;
				CLANG_WARN__DUPLICATE_METHOD_MATCH = YES;
				CODE_SIGN_IDENTITY = "iPhone Developer";
				COPY_PHASE_STRIP = NO;
				DEBUG_INFORMATION_FORMAT = "dwarf-with-dsym";
				ENABLE_NS_ASSERTIONS = NO;
				ENABLE_STRICT_OBJC_MSGSEND = YES;
				GCC_C_LANGUAGE_STANDARD = gnu11;
				GCC_NO_COMMON_BLOCKS = YES;
				GCC_WARN_64_TO_32_BIT_CONVERSION = YES;
				GCC_WARN_ABOUT_RETURN_TYPE = YES_ERROR;
				GCC_WARN_UNDECLARED_SELECTOR = YES;
				GCC_WARN_UNINITIALIZED_AUTOS = YES_AGGRESSIVE;
				GCC_WARN_UNUSED_FUNCTION = YES;
				GCC_WARN_UNUSED_VARIABLE = YES;
				IPHONEOS_DEPLOYMENT_TARGET = 12.2;
				MTL_ENABLE_DEBUG_INFO = NO;
				MTL_FAST_MATH = YES;
				SDKROOT = iphoneos;
				SWIFT_COMPILATION_MODE = wholemodule;
				SWIFT_OPTIMIZATION_LEVEL = "-O";
				VALIDATE_PRODUCT = YES;
			};
			name = Release;
		};
		11CA42EF229B2F1800648670 /* Debug */ = {
			isa = XCBuildConfiguration;
			baseConfigurationReference = A845416816E72C69C0F486A3 /* Pods-SimpleScanner.debug.xcconfig */;
			buildSettings = {
				ASSETCATALOG_COMPILER_APPICON_NAME = AppIcon;
				CODE_SIGN_STYLE = Automatic;
				DEVELOPMENT_TEAM = P2M6BCPR7S;
				INFOPLIST_FILE = SimpleScanner/Info.plist;
				LD_RUNPATH_SEARCH_PATHS = (
					"$(inherited)",
					"@executable_path/Frameworks",
				);
				PRODUCT_BUNDLE_IDENTIFIER = com.jiafrank.SimpleScanner;
				PRODUCT_NAME = "$(TARGET_NAME)";
				SWIFT_VERSION = 5.0;
				TARGETED_DEVICE_FAMILY = "1,2";
			};
			name = Debug;
		};
		11CA42F0229B2F1800648670 /* Release */ = {
			isa = XCBuildConfiguration;
			baseConfigurationReference = 9D016F448152ABE76EE812B0 /* Pods-SimpleScanner.release.xcconfig */;
			buildSettings = {
				ASSETCATALOG_COMPILER_APPICON_NAME = AppIcon;
				CODE_SIGN_STYLE = Automatic;
				DEVELOPMENT_TEAM = P2M6BCPR7S;
				INFOPLIST_FILE = SimpleScanner/Info.plist;
				LD_RUNPATH_SEARCH_PATHS = (
					"$(inherited)",
					"@executable_path/Frameworks",
				);
				PRODUCT_BUNDLE_IDENTIFIER = com.jiafrank.SimpleScanner;
				PRODUCT_NAME = "$(TARGET_NAME)";
				SWIFT_VERSION = 5.0;
				TARGETED_DEVICE_FAMILY = "1,2";
			};
			name = Release;
		};
/* End XCBuildConfiguration section */

/* Begin XCConfigurationList section */
		11CA42D7229B2F1600648670 /* Build configuration list for PBXProject "SimpleScanner" */ = {
			isa = XCConfigurationList;
			buildConfigurations = (
				11CA42EC229B2F1800648670 /* Debug */,
				11CA42ED229B2F1800648670 /* Release */,
			);
			defaultConfigurationIsVisible = 0;
			defaultConfigurationName = Release;
		};
		11CA42EE229B2F1800648670 /* Build configuration list for PBXNativeTarget "SimpleScanner" */ = {
			isa = XCConfigurationList;
			buildConfigurations = (
				11CA42EF229B2F1800648670 /* Debug */,
				11CA42F0229B2F1800648670 /* Release */,
			);
			defaultConfigurationIsVisible = 0;
			defaultConfigurationName = Release;
		};
/* End XCConfigurationList section */
	};
	rootObject = 11CA42D4229B2F1600648670 /* Project object */;
}
